{
    "_readme": [
        "This file locks the dependencies of your project to a known state",
        "Read more about it at https://getcomposer.org/doc/01-basic-usage.md#composer-lock-the-lock-file",
        "This file is @generated automatically"
    ],
    "hash": "469cbfcc25de536dcca865d8a7f748f4",
    "packages": [
        {
            "name": "battis/appmetadata",
            "version": "dev-master",
            "source": {
                "type": "git",
                "url": "https://github.com/battis/appmetadata.git",
                "reference": "0788378921d4c35fac8bd354537f34c4fb2c8087"
            },
            "dist": {
                "type": "zip",
                "url": "https://api.github.com/repos/battis/appmetadata/zipball/0788378921d4c35fac8bd354537f34c4fb2c8087",
                "reference": "0788378921d4c35fac8bd354537f34c4fb2c8087",
                "shasum": ""
            },
            "type": "library",
            "autoload": {
                "classmap": [
                    ""
                ]
            },
            "notification-url": "https://packagist.org/downloads/",
            "authors": [
                {
                    "name": "Seth Battis",
                    "email": "seth@battis.net"
                }
            ],
            "description": "An object to store app metadata backed by a MySQL table",
            "time": "2015-07-01 01:04:01"
        },
        {
            "name": "educoder/pest",
            "version": "dev-master",
            "source": {
                "type": "git",
                "url": "https://github.com/educoder/pest.git",
                "reference": "fcb539e03c03bc925b93004097a268e6fd484dd8"
            },
            "dist": {
                "type": "zip",
                "url": "https://api.github.com/repos/educoder/pest/zipball/fcb539e03c03bc925b93004097a268e6fd484dd8",
                "reference": "fcb539e03c03bc925b93004097a268e6fd484dd8",
                "shasum": ""
            },
            "require": {
                "lib-curl": "*",
                "php": ">=5.2"
            },
            "type": "library",
            "autoload": {
                "classmap": [
                    ""
                ]
            },
            "notification-url": "https://packagist.org/downloads/",
            "license": [
                "MIT"
            ],
            "authors": [
                {
                    "name": "Matt Zukowski",
                    "email": "matt@zukowski.ca"
                },
                {
                    "name": "Donald Sipe",
                    "email": "donald.sipe@gmail.com"
                }
            ],
            "description": "A proper REST client for PHP.",
            "homepage": "https://github.com/educoder/pest",
            "time": "2014-09-02 15:51:33"
        },
        {
            "name": "smtech/canvaspest",
            "version": "dev-master",
            "source": {
                "type": "git",
                "url": "https://github.com/smtech/canvaspest.git",
                "reference": "111fe228ba35292e90f790860ed93aa9a7c1a0b4"
            },
            "dist": {
                "type": "zip",
                "url": "https://api.github.com/repos/smtech/canvaspest/zipball/111fe228ba35292e90f790860ed93aa9a7c1a0b4",
                "reference": "111fe228ba35292e90f790860ed93aa9a7c1a0b4",
                "shasum": ""
            },
            "require": {
                "educoder/pest": "dev-master"
            },
            "type": "library",
            "autoload": {
                "classmap": [
                    ""
                ]
            },
            "notification-url": "https://packagist.org/downloads/",
            "authors": [
                {
                    "name": "Seth Battis",
                    "email": "sethbattis@stmarksschool.org"
                }
            ],
            "description": "An extension of Pest to make RESTful queries to the Instructure Canvas API",
            "time": "2015-06-30 16:53:43"
        },
        {
            "name": "smtech/oauth-negotiator",
            "version": "v1.0.1",
            "source": {
                "type": "git",
                "url": "https://github.com/smtech/oauth-negotiator.git",
                "reference": "e061d4cabd0d109d4c02ba362fb9b76630cc6cc9"
            },
            "dist": {
                "type": "zip",
                "url": "https://api.github.com/repos/smtech/oauth-negotiator/zipball/e061d4cabd0d109d4c02ba362fb9b76630cc6cc9",
                "reference": "e061d4cabd0d109d4c02ba362fb9b76630cc6cc9",
                "shasum": ""
            },
            "require": {
                "smtech/canvaspest": "dev-master"
            },
            "type": "library",
            "notification-url": "https://packagist.org/downloads/",
            "authors": [
                {
                    "name": "Seth Battis",
                    "email": "sethbattis@stmarksschool.org"
                }
            ],
            "description": "Negotiate an OAuth 2 authentication or API token",
            "time": "2015-07-14 18:31:55"
        },
        {
            "name": "spvsoftwareproducts/LTI_Tool_Provider",
            "version": "2.5.00",
            "dist": {
                "type": "zip",
                "url": "http://projects.oscelot.org/gf/download/frsrelease/924/5882/LTI_Tool_Provider-2.5.00.zip",
                "reference": null,
                "shasum": null
            },
            "type": "library",
            "authors": [
                {
                    "name": "Stephen Vickers"
                }
            ],
            "homepage": "http://spvsoftwareproducts.com/php/lti_tool_provider/"
        }
    ],
    "packages-dev": [],
    "aliases": [],
    "minimum-stability": "dev",
    "stability-flags": {
        "smtech/canvaspest": 20,
        "battis/appmetadata": 20
    },
    "prefer-stable": false,
    "prefer-lowest": false,
    "platform": [],
    "platform-dev": []
}
