{
    "_readme": [
        "This file locks the dependencies of your project to a known state",
        "Read more about it at https://getcomposer.org/doc/01-basic-usage.md#composer-lock-the-lock-file",
        "This file is @generated automatically"
    ],
    "hash": "e35e4c9cc4acb90d496a3cebb2b98e79",
    "content-hash": "845e4ae8ce920bb39158bdf00e58d1ea",
    "packages": [
        {
            "name": "battis/appmetadata",
            "version": "v1.2.1",
            "source": {
                "type": "git",
                "url": "https://github.com/battis/appmetadata.git",
                "reference": "a97bdc20627008ed165b638737b618a0d6f606c2"
            },
            "dist": {
                "type": "zip",
                "url": "https://api.github.com/repos/battis/appmetadata/zipball/a97bdc20627008ed165b638737b618a0d6f606c2",
                "reference": "a97bdc20627008ed165b638737b618a0d6f606c2",
                "shasum": ""
            },
            "type": "library",
            "autoload": {
                "psr-4": {
                    "Battis\\": ""
                }
            },
            "notification-url": "https://packagist.org/downloads/",
            "license": [
                "LGPL-3.0"
            ],
            "authors": [
                {
                    "name": "Seth Battis",
                    "email": "seth@battis.net"
                }
            ],
            "description": "An object to store app metadata backed by a MySQL table",
            "time": "2015-10-22 20:25:29"
        },
        {
            "name": "battis/autocrontabjob",
            "version": "v1.0",
            "source": {
                "type": "git",
                "url": "https://github.com/battis/autocrontabjob.git",
                "reference": "911e3f3bcb522ad36d7707bf7cd4f1d74d6cc242"
            },
            "dist": {
                "type": "zip",
                "url": "https://api.github.com/repos/battis/autocrontabjob/zipball/911e3f3bcb522ad36d7707bf7cd4f1d74d6cc242",
                "reference": "911e3f3bcb522ad36d7707bf7cd4f1d74d6cc242",
                "shasum": ""
            },
            "require": {
                "pear/log": "~1.0",
                "tiben/crontab-manager": "~1.0"
            },
            "type": "library",
            "autoload": {
                "psr-4": {
                    "Battis\\": ""
                }
            },
            "notification-url": "https://packagist.org/downloads/",
            "license": [
                "LGPL-3.0"
            ],
            "authors": [
                {
                    "name": "Seth Battis",
                    "email": "seth@battis.net"
                }
            ],
            "description": "An object-oriented approach to scheduling regular cron jobs automatically",
            "time": "2015-08-11 17:57:29"
        },
        {
            "name": "battis/data-utilities",
            "version": "dev-master",
            "source": {
                "type": "git",
                "url": "https://github.com/battis/data-utilities.git",
                "reference": "2675320d7b9099c0689a6db9e2262ea70d40742f"
            },
            "dist": {
                "type": "zip",
                "url": "https://api.github.com/repos/battis/data-utilities/zipball/2675320d7b9099c0689a6db9e2262ea70d40742f",
                "reference": "2675320d7b9099c0689a6db9e2262ea70d40742f",
                "shasum": ""
            },
            "type": "library",
            "autoload": {
                "psr-4": {
                    "Battis\\": ""
                }
            },
            "notification-url": "https://packagist.org/downloads/",
            "license": [
                "GPL-3.0"
            ],
            "authors": [
                {
                    "name": "Seth Battis",
                    "email": "sethbattis@stmarksschool.org"
                }
            ],
            "description": "A handful of useful helper functions to process data",
            "time": "2015-10-11 14:54:59"
        },
        {
            "name": "battis/educoder-pest-fork",
            "version": "dev-master",
            "source": {
                "type": "git",
                "url": "https://github.com/battis/pest.git",
                "reference": "625347f7925d98cfc9df438b20eae77cfc33cab9"
            },
            "dist": {
                "type": "zip",
                "url": "https://api.github.com/repos/battis/pest/zipball/625347f7925d98cfc9df438b20eae77cfc33cab9",
                "reference": "625347f7925d98cfc9df438b20eae77cfc33cab9",
                "shasum": ""
            },
            "require": {
                "lib-curl": "*",
                "php": ">=5.2"
            },
            "type": "library",
            "autoload": {
                "classmap": [
                    ""
                ]
            },
            "notification-url": "https://packagist.org/downloads/",
            "license": [
                "MIT"
            ],
            "authors": [
                {
                    "name": "Matt Zukowski",
                    "email": "matt@zukowski.ca"
                },
                {
                    "name": "Donald Sipe",
                    "email": "donald.sipe@gmail.com"
                }
            ],
            "description": "A proper REST client for PHP.",
            "homepage": "https://github.com/educoder/pest",
            "time": "2015-08-17 19:12:55"
        },
        {
            "name": "battis/simplecache",
            "version": "v1.2",
            "source": {
                "type": "git",
                "url": "https://github.com/battis/simplecache.git",
                "reference": "2116d33def68ebf3d2a2ad4afd2970077115d801"
            },
            "dist": {
                "type": "zip",
                "url": "https://api.github.com/repos/battis/simplecache/zipball/2116d33def68ebf3d2a2ad4afd2970077115d801",
                "reference": "2116d33def68ebf3d2a2ad4afd2970077115d801",
                "shasum": ""
            },
            "type": "library",
            "autoload": {
                "classmap": [
                    ""
                ]
            },
            "notification-url": "https://packagist.org/downloads/",
            "license": [
                "LGPL-3.0"
            ],
            "authors": [
                {
                    "name": "Seth Battis",
                    "email": "seth@battis.net"
                }
            ],
            "description": "Manage a simple cache backed by a MySQL database",
            "time": "2015-10-05 15:13:09"
        },
        {
            "name": "canvashack/plugin-auto-open-feedback",
            "version": "dev-master",
            "source": {
                "type": "git",
                "url": "https://github.com/smtech/canvashack-plugin-auto-open-feedback.git",
                "reference": "cc0651560a2f31de778ea4355131bfc1a7637658"
            },
            "dist": {
                "type": "zip",
                "url": "https://api.github.com/repos/smtech/canvashack-plugin-auto-open-feedback/zipball/cc0651560a2f31de778ea4355131bfc1a7637658",
                "reference": "cc0651560a2f31de778ea4355131bfc1a7637658",
                "shasum": ""
            },
            "type": "canvashack-plugin",
            "notification-url": "https://packagist.org/downloads/",
            "license": [
                "GPL-3.0"
            ],
            "authors": [
                {
                    "name": "Seth Battis",
                    "email": "sethbattis@stmarksschool.org"
                }
            ],
            "description": "A bandaid until SpeedGrader 2.0: autoopen SpeedGrader feedback and rubrics for students",
            "time": "2015-10-22 02:24:51"
        },
        {
            "name": "canvashack/plugin-cache-and-show-rubrics",
            "version": "dev-master",
            "source": {
                "type": "git",
                "url": "https://github.com/smtech/canvashack-plugin-cache-and-show-rubrics.git",
                "reference": "dfcf3503656e63a9f2d1bec53f39ffd1ffcee8dc"
            },
            "dist": {
                "type": "zip",
                "url": "https://api.github.com/repos/smtech/canvashack-plugin-cache-and-show-rubrics/zipball/dfcf3503656e63a9f2d1bec53f39ffd1ffcee8dc",
                "reference": "dfcf3503656e63a9f2d1bec53f39ffd1ffcee8dc",
                "shasum": ""
            },
            "require": {
                "battis/simplecache": "~1.0"
            },
            "type": "canvashack-plugin",
            "notification-url": "https://packagist.org/downloads/",
            "license": [
                "GPL-3.0"
            ],
            "authors": [
                {
                    "name": "Seth Battis",
                    "email": "sethbattis@stmarksschool.org"
                }
            ],
            "description": "Whenever an assignment with a rubric is visited, cache that rubric for later redisplay if the assignment changes to external tool submission",
            "time": "2015-08-24 12:48:59"
        },
        {
            "name": "canvashack/plugin-discussion-permalinks",
            "version": "dev-master",
            "source": {
                "type": "git",
                "url": "https://github.com/smtech/canvashack-plugin-discussion-permalinks.git",
                "reference": "f68bfbd62aca9aba2e2f1cc08ff39cc1515096bf"
            },
            "dist": {
                "type": "zip",
                "url": "https://api.github.com/repos/smtech/canvashack-plugin-discussion-permalinks/zipball/f68bfbd62aca9aba2e2f1cc08ff39cc1515096bf",
                "reference": "f68bfbd62aca9aba2e2f1cc08ff39cc1515096bf",
                "shasum": ""
            },
            "type": "canvashack-plugin",
            "notification-url": "https://packagist.org/downloads/",
            "license": [
                "GPL-3.0"
            ],
            "authors": [
                {
                    "name": "Seth Battis",
                    "email": "sethbattis@stmarksschool.org"
                }
            ],
            "description": "Reveal discussion entry permalinks",
            "time": "2015-10-23 02:08:12"
        },
        {
            "name": "canvashack/plugin-enrollment-info-ui-tweaks",
            "version": "dev-master",
            "source": {
                "type": "git",
                "url": "https://github.com/smtech/canvashack-plugin-enrollment-info-ui-tweaks.git",
                "reference": "af74465cb8206c2d6335119e48cc89d34d0a9855"
            },
            "dist": {
                "type": "zip",
                "url": "https://api.github.com/repos/smtech/canvashack-plugin-enrollment-info-ui-tweaks/zipball/af74465cb8206c2d6335119e48cc89d34d0a9855",
                "reference": "af74465cb8206c2d6335119e48cc89d34d0a9855",
                "shasum": ""
            },
            "type": "canvashack-plugin",
            "notification-url": "https://packagist.org/downloads/",
            "license": [
                "GPL-3.0"
            ],
            "authors": [
                {
                    "name": "Seth Battis",
                    "email": "sethbattis@stmarksschool.org"
                }
            ],
            "description": "Tweak some annoying default settings to better ones when looking at enrollment information",
            "time": "2015-08-25 02:38:56"
        },
        {
            "name": "canvashack/plugin-stmarks-branding",
            "version": "dev-master",
            "source": {
                "type": "git",
                "url": "https://github.com/smtech/canvashack-plugin-stmarks-branding.git",
                "reference": "c232c9610b5203d81bfded7ae8b6eff98c7dd49c"
            },
            "dist": {
                "type": "zip",
                "url": "https://api.github.com/repos/smtech/canvashack-plugin-stmarks-branding/zipball/c232c9610b5203d81bfded7ae8b6eff98c7dd49c",
                "reference": "c232c9610b5203d81bfded7ae8b6eff98c7dd49c",
                "shasum": ""
            },
            "type": "canvashack-plugin",
            "notification-url": "https://packagist.org/downloads/",
            "license": [
                "GPL-3.0"
            ],
            "authors": [
                {
                    "name": "Seth Battis",
                    "email": "sethbattis@stmarksschool.org"
                }
            ],
            "description": "General branding settings for St. Mark's school within Canvas",
            "time": "2015-10-22 20:42:28"
        },
        {
            "name": "educoder/pest",
            "version": "dev-master",
            "source": {
                "type": "git",
                "url": "https://github.com/educoder/pest.git",
                "reference": "fcb539e03c03bc925b93004097a268e6fd484dd8"
            },
            "dist": {
                "type": "zip",
                "url": "https://api.github.com/repos/educoder/pest/zipball/fcb539e03c03bc925b93004097a268e6fd484dd8",
                "reference": "fcb539e03c03bc925b93004097a268e6fd484dd8",
                "shasum": ""
            },
            "require": {
                "lib-curl": "*",
                "php": ">=5.2"
            },
            "type": "library",
            "autoload": {
                "classmap": [
                    ""
                ]
            },
            "notification-url": "https://packagist.org/downloads/",
            "license": [
                "MIT"
            ],
            "authors": [
                {
                    "name": "Matt Zukowski",
                    "email": "matt@zukowski.ca"
                },
                {
                    "name": "Donald Sipe",
                    "email": "donald.sipe@gmail.com"
                }
            ],
            "description": "A proper REST client for PHP.",
            "homepage": "https://github.com/educoder/pest",
            "time": "2014-09-02 15:51:33"
        },
        {
            "name": "pear/log",
            "version": "1.12.9",
            "source": {
                "type": "git",
                "url": "https://github.com/pear/Log.git",
                "reference": "81b5109b6d3689c85118429c6e3ddd99ad90e9b0"
            },
            "dist": {
                "type": "zip",
                "url": "https://api.github.com/repos/pear/Log/zipball/81b5109b6d3689c85118429c6e3ddd99ad90e9b0",
                "reference": "81b5109b6d3689c85118429c6e3ddd99ad90e9b0",
                "shasum": ""
            },
            "require": {
                "pear/pear_exception": "1.0.0",
                "php": ">5.2"
            },
            "require-dev": {
                "phpunit/phpunit": "*"
            },
            "suggest": {
                "pear/db": "Install optionally via your project's composer.json"
            },
            "type": "library",
            "autoload": {
                "psr-0": {
                    "Log": "./"
                }
            },
            "notification-url": "https://packagist.org/downloads/",
            "include-path": [
                ""
            ],
            "license": [
                "MIT"
            ],
            "authors": [
                {
                    "name": "Jon Parise",
                    "email": "jon@php.net",
                    "homepage": "http://www.indelible.org",
                    "role": "Developer"
                }
            ],
            "description": "PEAR Logging Framework",
            "homepage": "http://pear.github.io/Log/",
            "keywords": [
                "log",
                "logging"
            ],
            "time": "2015-06-14 21:18:47"
        },
        {
            "name": "pear/pear_exception",
            "version": "v1.0.0",
            "source": {
                "type": "git",
                "url": "https://github.com/pear/PEAR_Exception.git",
                "reference": "8c18719fdae000b690e3912be401c76e406dd13b"
            },
            "dist": {
                "type": "zip",
                "url": "https://api.github.com/repos/pear/PEAR_Exception/zipball/8c18719fdae000b690e3912be401c76e406dd13b",
                "reference": "8c18719fdae000b690e3912be401c76e406dd13b",
                "shasum": ""
            },
            "require": {
                "php": ">=4.4.0"
            },
            "require-dev": {
                "phpunit/phpunit": "*"
            },
            "type": "class",
            "extra": {
                "branch-alias": {
                    "dev-master": "1.0.x-dev"
                }
            },
            "autoload": {
                "psr-0": {
                    "PEAR": ""
                }
            },
            "notification-url": "https://packagist.org/downloads/",
            "include-path": [
                "."
            ],
            "license": [
                "BSD-2-Clause"
            ],
            "authors": [
                {
                    "name": "Helgi Thormar",
                    "email": "dufuz@php.net"
                },
                {
                    "name": "Greg Beaver",
                    "email": "cellog@php.net"
                }
            ],
            "description": "The PEAR Exception base class.",
            "homepage": "https://github.com/pear/PEAR_Exception",
            "keywords": [
                "exception"
            ],
            "time": "2015-02-10 20:07:52"
        },
        {
            "name": "smarty/smarty",
            "version": "dev-master",
            "source": {
                "type": "git",
                "url": "https://github.com/smarty-php/smarty.git",
                "reference": "b26ba9ce522a054f9cd2f13b3ee651adf3240af4"
            },
            "dist": {
                "type": "zip",
                "url": "https://api.github.com/repos/smarty-php/smarty/zipball/b26ba9ce522a054f9cd2f13b3ee651adf3240af4",
                "reference": "b26ba9ce522a054f9cd2f13b3ee651adf3240af4",
                "shasum": ""
            },
            "require": {
                "php": ">=5.2"
            },
            "type": "library",
            "extra": {
                "branch-alias": {
                    "dev-master": "3.1.x-dev"
                }
            },
            "autoload": {
                "classmap": [
                    "libs/Smarty.class.php",
                    "libs/SmartyBC.class.php",
                    "libs/sysplugins/"
                ]
            },
            "notification-url": "https://packagist.org/downloads/",
            "license": [
                "LGPL-3.0"
            ],
            "authors": [
                {
                    "name": "Monte Ohrt",
                    "email": "monte@ohrt.com"
                },
                {
                    "name": "Uwe Tews",
                    "email": "uwe.tews@googlemail.com"
                },
                {
                    "name": "Rodney Rehm",
                    "email": "rodney.rehm@medialize.de"
                }
            ],
            "description": "Smarty - the compiling PHP template engine",
            "homepage": "http://www.smarty.net",
            "keywords": [
                "templating"
            ],
            "time": "2015-10-21 02:32:27"
        },
        {
            "name": "smtech/canvashack-installer",
            "version": "dev-master",
            "source": {
                "type": "git",
                "url": "https://github.com/smtech/canvashack-installer.git",
                "reference": "99be4c71a05c7bd41106a86729a60c0be0f940ca"
            },
            "dist": {
                "type": "zip",
                "url": "https://api.github.com/repos/smtech/canvashack-installer/zipball/99be4c71a05c7bd41106a86729a60c0be0f940ca",
                "reference": "99be4c71a05c7bd41106a86729a60c0be0f940ca",
                "shasum": ""
            },
            "require": {
                "composer-plugin-api": "~1.0"
            },
            "type": "composer-plugin",
            "extra": {
                "class": "smtech\\Composer\\CanvasHackInstallerPlugin"
            },
            "autoload": {
                "psr-4": {
                    "smtech\\Composer\\": ""
                }
            },
            "notification-url": "https://packagist.org/downloads/",
            "license": [
                "LGPL-3.0"
            ],
            "authors": [
                {
                    "name": "Seth Battis",
                    "email": "sethbattis@stmarksschool.org"
                }
            ],
            "description": "Custom Composer installer for CanvasHack plugins",
            "time": "2015-08-18 03:27:45"
        },
        {
            "name": "smtech/canvaspest",
            "version": "v1.1",
            "source": {
                "type": "git",
                "url": "https://github.com/smtech/canvaspest.git",
                "reference": "fd29f4b62b500ee3016efe56f2324829f3cfd725"
            },
            "dist": {
                "type": "zip",
                "url": "https://api.github.com/repos/smtech/canvaspest/zipball/fd29f4b62b500ee3016efe56f2324829f3cfd725",
                "reference": "fd29f4b62b500ee3016efe56f2324829f3cfd725",
                "shasum": ""
            },
            "require": {
                "battis/educoder-pest-fork": "dev-master"
            },
            "type": "library",
            "autoload": {
                "classmap": [
                    ""
                ]
            },
            "notification-url": "https://packagist.org/downloads/",
            "license": [
                "LGPL-3.0"
            ],
            "authors": [
                {
                    "name": "Seth Battis",
                    "email": "sethbattis@stmarksschool.org"
                }
            ],
            "description": "An extension of Pest to make RESTful queries to the Instructure Canvas API",
            "time": "2015-08-22 01:41:57"
        },
        {
            "name": "smtech/oauth-negotiator",
            "version": "v1.1.1",
            "source": {
                "type": "git",
                "url": "https://github.com/smtech/oauth-negotiator.git",
                "reference": "fd30bc282254b605e3ff44f75f45546ef2c784c3"
            },
            "dist": {
                "type": "zip",
                "url": "https://api.github.com/repos/smtech/oauth-negotiator/zipball/fd30bc282254b605e3ff44f75f45546ef2c784c3",
                "reference": "fd30bc282254b605e3ff44f75f45546ef2c784c3",
                "shasum": ""
            },
            "require": {
                "educoder/pest": "dev-master"
            },
            "type": "library",
            "notification-url": "https://packagist.org/downloads/",
            "license": [
                "LGPL-3.0"
            ],
            "authors": [
                {
                    "name": "Seth Battis",
                    "email": "sethbattis@stmarksschool.org"
                }
            ],
            "description": "Negotiate an OAuth 2 authentication or API token",
            "time": "2015-08-07 16:41:35"
        },
        {
            "name": "smtech/stmarks-colors",
            "version": "dev-master",
            "source": {
                "type": "git",
                "url": "https://github.com/smtech/stmarks-colors.git",
                "reference": "efbcce5b1a9289dfa64ba33d385613b7cbc93a8a"
            },
            "dist": {
                "type": "zip",
                "url": "https://api.github.com/repos/smtech/stmarks-colors/zipball/efbcce5b1a9289dfa64ba33d385613b7cbc93a8a",
                "reference": "efbcce5b1a9289dfa64ba33d385613b7cbc93a8a",
                "shasum": ""
            },
            "type": "library",
            "autoload": {
                "psr-4": {
                    "smtech\\": ""
                }
            },
            "notification-url": "https://packagist.org/downloads/",
            "license": [
                "LGPL-3.0"
            ],
            "authors": [
                {
                    "name": "Seth Battis",
                    "email": "sethbattis@stmarksschool.org"
                }
            ],
            "description": "An object-ified, consistent set of hex colors for St. Mark’s projects",
            "time": "2015-08-20 20:17:08"
        },
        {
            "name": "smtech/stmarkssmarty",
            "version": "dev-master",
            "source": {
                "type": "git",
                "url": "https://github.com/smtech/stmarkssmarty.git",
                "reference": "a61aaf87d94e1c2994deae56dbbf893b9b8b9694"
            },
            "dist": {
                "type": "zip",
                "url": "https://api.github.com/repos/smtech/stmarkssmarty/zipball/a61aaf87d94e1c2994deae56dbbf893b9b8b9694",
                "reference": "a61aaf87d94e1c2994deae56dbbf893b9b8b9694",
                "shasum": ""
            },
            "require": {
                "battis/data-utilities": "dev-master",
                "smarty/smarty": "3.1.*",
                "smtech/stmarks-colors": "dev-master"
            },
            "suggest": {
                "battis/appmetadata": "MySQL-backed globals array for app metadata storage",
                "eternicode/bootstrap-datepicker": "The full Bootstrap Datepicker package for local install"
            },
            "type": "library",
            "autoload": {
                "classmap": [
                    ""
                ]
            },
            "notification-url": "https://packagist.org/downloads/",
            "license": [
                "LGPL-3.0"
            ],
            "authors": [
                {
                    "name": "Seth Battis",
                    "email": "sethbattis@stmarksschool.org"
                }
            ],
            "description": "A standard Smarty install for St. Mark's projects",
            "time": "2015-10-21 15:51:54"
        },
        {
            "name": "spvsoftwareproducts/LTI_Tool_Provider",
            "version": "2.5.00",
            "dist": {
                "type": "zip",
                "url": "http://projects.oscelot.org/gf/download/frsrelease/924/5882/LTI_Tool_Provider-2.5.00.zip",
                "reference": null,
                "shasum": null
            },
            "type": "library",
            "license": [
                "LGPL-3.0"
            ],
            "authors": [
                {
                    "name": "Stephen Vickers"
                }
            ],
            "homepage": "http://spvsoftwareproducts.com/php/lti_tool_provider/"
        },
        {
            "name": "tiben/crontab-manager",
            "version": "v1.2.0",
            "source": {
                "type": "git",
                "url": "https://github.com/TiBeN/CrontabManager.git",
                "reference": "e0e12c94e8b065ed07811b65f00d3fb00eab003e"
            },
            "dist": {
                "type": "zip",
                "url": "https://api.github.com/repos/TiBeN/CrontabManager/zipball/e0e12c94e8b065ed07811b65f00d3fb00eab003e",
                "reference": "e0e12c94e8b065ed07811b65f00d3fb00eab003e",
                "shasum": ""
            },
            "require": {
                "php": ">= 5.3"
            },
            "type": "library",
            "autoload": {
                "psr-4": {
                    "TiBeN\\": "src/"
                }
            },
            "notification-url": "https://packagist.org/downloads/",
            "license": [
                "Apache-2.0"
            ],
            "authors": [
                {
                    "name": "Benjamin Legendre",
                    "email": "legendre.benjamin@gmail.com"
                }
            ],
            "description": "A library for managing linux cron jobs.",
            "keywords": [
                "crontab",
                "scheduling"
            ],
            "time": "2014-05-17 15:12:24"
        }
    ],
    "packages-dev": [],
    "aliases": [],
    "minimum-stability": "dev",
    "stability-flags": {
        "smtech/stmarkssmarty": 20,
        "smtech/canvashack-installer": 20,
        "canvashack/plugin-auto-open-feedback": 20,
        "canvashack/plugin-cache-and-show-rubrics": 20,
        "canvashack/plugin-enrollment-info-ui-tweaks": 20,
        "canvashack/plugin-stmarks-branding": 20,
        "canvashack/plugin-discussion-permalinks": 20
    },
    "prefer-stable": false,
    "prefer-lowest": false,
    "platform": [],
    "platform-dev": []
}
