{
    "_readme": [
        "This file locks the dependencies of your project to a known state",
        "Read more about it at https://getcomposer.org/doc/01-basic-usage.md#composer-lock-the-lock-file",
        "This file is @generated automatically"
    ],
    "hash": "399e47e7b12ecfe19ec57bf27a8e6127",
    "content-hash": "1f3172335126bdeb1816a72b2fbb6f5a",
    "packages": [
        {
            "name": "battis/appmetadata",
            "version": "v1.2.1",
            "source": {
                "type": "git",
                "url": "https://github.com/battis/appmetadata.git",
                "reference": "a97bdc20627008ed165b638737b618a0d6f606c2"
            },
            "dist": {
                "type": "zip",
                "url": "https://api.github.com/repos/battis/appmetadata/zipball/a97bdc20627008ed165b638737b618a0d6f606c2",
                "reference": "a97bdc20627008ed165b638737b618a0d6f606c2",
                "shasum": ""
            },
            "type": "library",
            "autoload": {
                "psr-4": {
                    "Battis\\": ""
                }
            },
            "notification-url": "https://packagist.org/downloads/",
            "license": [
                "LGPL-3.0"
            ],
            "authors": [
                {
                    "name": "Seth Battis",
                    "email": "seth@battis.net"
                }
            ],
            "description": "An object to store app metadata backed by a MySQL table",
            "time": "2015-10-22 20:25:29"
        },
        {
            "name": "battis/bootstrapsmarty",
            "version": "v1.1.2",
            "source": {
                "type": "git",
                "url": "https://github.com/battis/bootstrapsmarty.git",
                "reference": "097ff9d3931aedbc38677d207b5c4540b4de812c"
            },
            "dist": {
                "type": "zip",
                "url": "https://api.github.com/repos/battis/bootstrapsmarty/zipball/097ff9d3931aedbc38677d207b5c4540b4de812c",
                "reference": "097ff9d3931aedbc38677d207b5c4540b4de812c",
                "shasum": ""
            },
            "require": {
                "battis/data-utilities": "dev-master",
                "bower-asset/bootstrap-colorpicker": "dev-master",
                "bower-asset/bootstrap-datepicker": "dev-master",
                "bower-asset/bootstrap-sortable": "dev-master",
                "fxp/composer-asset-plugin": "^1.1",
                "smarty/smarty": "3.1.*"
            },
            "require-dev": {
                "phpunit/phpunit": "~5.0"
            },
            "type": "library",
            "autoload": {
                "psr-4": {
                    "Battis\\BootstrapSmarty\\": "src/"
                }
            },
            "notification-url": "https://packagist.org/downloads/",
            "license": [
                "LGPL-3.0"
            ],
            "authors": [
                {
                    "name": "Seth Battis",
                    "email": "seth@battis.net"
                }
            ],
            "description": "A wrapper for Smarty to set (and maintain) defaults within a Bootstrap UI environment",
            "time": "2016-04-14 02:09:19"
        },
        {
            "name": "battis/configxml",
            "version": "v1.0.1",
            "source": {
                "type": "git",
                "url": "https://github.com/battis/configxml.git",
                "reference": "b68daa917e052bd8f53c3be0378b23d33526f961"
            },
            "dist": {
                "type": "zip",
                "url": "https://api.github.com/repos/battis/configxml/zipball/b68daa917e052bd8f53c3be0378b23d33526f961",
                "reference": "b68daa917e052bd8f53c3be0378b23d33526f961",
                "shasum": ""
            },
            "require-dev": {
                "phpunit/phpunit": "~5.0"
            },
            "type": "library",
            "autoload": {
                "psr-4": {
                    "Battis\\": "src/"
                }
            },
            "notification-url": "https://packagist.org/downloads/",
            "license": [
                "LGPL-3.0"
            ],
            "authors": [
                {
                    "name": "Seth Battis",
                    "email": "seth@battis.net"
                }
            ],
            "description": "Load a configuration XML file for quick use",
            "time": "2016-05-09 19:47:21"
        },
        {
            "name": "battis/data-utilities",
            "version": "dev-master",
            "source": {
                "type": "git",
                "url": "https://github.com/battis/data-utilities.git",
                "reference": "1de361ebe4e180a17d36a59b199f0abd02503c9f"
            },
            "dist": {
                "type": "zip",
                "url": "https://api.github.com/repos/battis/data-utilities/zipball/1de361ebe4e180a17d36a59b199f0abd02503c9f",
                "reference": "1de361ebe4e180a17d36a59b199f0abd02503c9f",
                "shasum": ""
            },
            "require-dev": {
                "phpunit/phpunit": "~5.0"
            },
            "type": "library",
            "autoload": {
                "psr-4": {
                    "Battis\\": "src/"
                }
            },
            "notification-url": "https://packagist.org/downloads/",
            "license": [
                "GPL-3.0"
            ],
            "authors": [
                {
                    "name": "Seth Battis",
                    "email": "sethbattis@stmarksschool.org"
                }
            ],
            "description": "A handful of useful helper functions to process data",
            "time": "2016-03-31 01:33:03"
        },
        {
            "name": "battis/educoder-pest-fork",
            "version": "dev-master",
            "source": {
                "type": "git",
                "url": "https://github.com/battis/pest.git",
                "reference": "ee99df2b7e276195d3ab06738f2af3f44f3ed054"
            },
            "dist": {
                "type": "zip",
                "url": "https://api.github.com/repos/battis/pest/zipball/ee99df2b7e276195d3ab06738f2af3f44f3ed054",
                "reference": "ee99df2b7e276195d3ab06738f2af3f44f3ed054",
                "shasum": ""
            },
            "require": {
                "lib-curl": "*",
                "php": ">=5.2"
            },
            "type": "library",
            "autoload": {
                "classmap": [
                    ""
                ]
            },
            "notification-url": "https://packagist.org/downloads/",
            "license": [
                "MIT"
            ],
            "authors": [
                {
                    "name": "Matt Zukowski",
                    "email": "matt@zukowski.ca"
                },
                {
                    "name": "Donald Sipe",
                    "email": "donald.sipe@gmail.com"
                }
            ],
            "description": "A proper REST client for PHP.",
            "homepage": "https://github.com/educoder/pest",
            "time": "2016-03-23 15:38:23"
        },
        {
            "name": "battis/simplecache",
            "version": "v1.2.2",
            "source": {
                "type": "git",
                "url": "https://github.com/battis/simplecache.git",
                "reference": "5298aed74cd3911675b2bec147c346ed25261210"
            },
            "dist": {
                "type": "zip",
                "url": "https://api.github.com/repos/battis/simplecache/zipball/5298aed74cd3911675b2bec147c346ed25261210",
                "reference": "5298aed74cd3911675b2bec147c346ed25261210",
                "shasum": ""
            },
            "type": "library",
            "autoload": {
                "classmap": [
                    ""
                ]
            },
            "notification-url": "https://packagist.org/downloads/",
            "license": [
                "LGPL-3.0"
            ],
            "authors": [
                {
                    "name": "Seth Battis",
                    "email": "seth@battis.net"
                }
            ],
            "description": "Manage a simple cache backed by a MySQL database",
            "time": "2015-12-17 02:04:27"
        },
        {
            "name": "bower-asset/bootstrap",
            "version": "v3.3.5",
            "source": {
                "type": "git",
                "url": "https://github.com/twbs/bootstrap.git",
                "reference": "16b48259a62f576e52c903c476bd42b90ab22482"
            },
            "dist": {
                "type": "zip",
                "url": "https://api.github.com/repos/twbs/bootstrap/zipball/16b48259a62f576e52c903c476bd42b90ab22482",
                "reference": "16b48259a62f576e52c903c476bd42b90ab22482",
                "shasum": ""
            },
            "require": {
                "bower-asset/jquery": ">=1.9.1"
            },
            "type": "bower-asset-library",
            "extra": {
                "bower-asset-main": [
                    "less/bootstrap.less",
                    "dist/js/bootstrap.js"
                ],
                "bower-asset-ignore": [
                    "/.*",
                    "_config.yml",
                    "CNAME",
                    "composer.json",
                    "CONTRIBUTING.md",
                    "docs",
                    "js/tests",
                    "test-infra"
                ]
            },
            "license": [
                "MIT"
            ],
            "description": "The most popular front-end framework for developing responsive, mobile first projects on the web.",
            "keywords": [
                "css",
                "framework",
                "front-end",
                "js",
                "less",
                "mobile-first",
                "responsive",
                "web"
            ]
        },
        {
            "name": "bower-asset/bootstrap-colorpicker",
            "version": "dev-master",
            "source": {
                "type": "git",
                "url": "https://github.com/mjolnic/bootstrap-colorpicker.git",
                "reference": "7847a84ab7ec3b17474fb16b7e68fc02838efe52"
            },
            "dist": {
                "type": "zip",
                "url": "https://api.github.com/repos/mjolnic/bootstrap-colorpicker/zipball/7847a84ab7ec3b17474fb16b7e68fc02838efe52",
                "reference": "7847a84ab7ec3b17474fb16b7e68fc02838efe52",
                "shasum": ""
            },
            "require": {
                "bower-asset/bootstrap": ">=2",
                "bower-asset/jquery": ">=1.10"
            },
            "type": "bower-asset-library",
            "extra": {
                "bower-asset-main": [
                    "dist/css/bootstrap-colorpicker.css",
                    "dist/js/bootstrap-colorpicker.js"
                ],
                "bower-asset-ignore": [
                    "\\.*",
                    "/index.html",
                    "/package.json",
                    "/composer.json",
                    "/Gruntfile.js",
                    "/.travis.yml",
                    "/travis.sh",
                    "/server.js"
                ]
            }
        },
        {
            "name": "bower-asset/bootstrap-datepicker",
            "version": "dev-master",
            "source": {
                "type": "git",
                "url": "https://github.com/eternicode/bootstrap-datepicker.git",
                "reference": "67a348a3bc51b34b1500186bc3a6ec0b18b54b47"
            },
            "dist": {
                "type": "zip",
                "url": "https://api.github.com/repos/eternicode/bootstrap-datepicker/zipball/67a348a3bc51b34b1500186bc3a6ec0b18b54b47",
                "reference": "67a348a3bc51b34b1500186bc3a6ec0b18b54b47",
                "shasum": ""
            },
            "require": {
                "bower-asset/jquery": ">=1.7.1"
            },
            "type": "bower-asset-library",
            "extra": {
                "bower-asset-main": [
                    "dist/css/bootstrap-datepicker3.css",
                    "dist/js/bootstrap-datepicker.min.js"
                ],
                "bower-asset-ignore": []
            },
            "license": [
                "Apache-2.0"
            ]
        },
        {
            "name": "bower-asset/bootstrap-sortable",
            "version": "dev-master",
            "source": {
                "type": "git",
                "url": "https://github.com/drvic10k/bootstrap-sortable.git",
                "reference": "29454e4bd762570502c215dbacdaff58018ff62b"
            },
            "dist": {
                "type": "zip",
                "url": "https://api.github.com/repos/drvic10k/bootstrap-sortable/zipball/29454e4bd762570502c215dbacdaff58018ff62b",
                "reference": "29454e4bd762570502c215dbacdaff58018ff62b",
                "shasum": ""
            },
            "require": {
                "bower-asset/jquery": ">=1.9.0",
                "bower-asset/moment": ">=2.3.1"
            },
            "type": "bower-asset-library",
            "extra": {
                "bower-asset-main": "Scripts/bootstrap-sortable.js",
                "bower-asset-ignore": [
                    "Scripts/moment.min.js"
                ],
                "branch-alias": {
                    "dev-master": "2.0.0-dev"
                }
            },
            "license": [
                "MIT"
            ],
            "description": "Adding sorting ability to HTML tables",
            "keywords": [
                "bootstrap sortable",
                "bootstrap-sortable",
                "sort table",
                "sortable",
                "sortable table"
            ]
        },
        {
            "name": "bower-asset/jquery",
            "version": "dev-master",
            "source": {
                "type": "git",
                "url": "https://github.com/jquery/jquery-dist.git",
                "reference": "086d381cd2f3b4b8b0af85ecb2c9593a61e5b4bd"
            },
            "dist": {
                "type": "zip",
                "url": "https://api.github.com/repos/jquery/jquery-dist/zipball/086d381cd2f3b4b8b0af85ecb2c9593a61e5b4bd",
                "reference": "086d381cd2f3b4b8b0af85ecb2c9593a61e5b4bd",
                "shasum": ""
            },
            "type": "bower-asset-library",
            "extra": {
                "bower-asset-main": "dist/jquery.js",
                "bower-asset-ignore": [
                    "package.json"
                ]
            },
            "license": [
                "MIT"
            ],
            "keywords": [
                "browser",
                "javascript",
                "jquery",
                "library"
            ]
        },
        {
            "name": "bower-asset/moment",
            "version": "dev-master",
            "source": {
                "type": "git",
                "url": "https://github.com/moment/moment.git",
                "reference": "b135bf1a6d58ff94287f0a21455bfa6a1ddc7226"
            },
            "dist": {
                "type": "zip",
                "url": "https://api.github.com/repos/moment/moment/zipball/b135bf1a6d58ff94287f0a21455bfa6a1ddc7226",
                "reference": "b135bf1a6d58ff94287f0a21455bfa6a1ddc7226",
                "shasum": ""
            },
            "type": "bower-asset-library",
            "extra": {
                "bower-asset-main": "moment.js",
                "bower-asset-ignore": [
                    "**/.*",
                    "benchmarks",
                    "bower_components",
                    "meteor",
                    "node_modules",
                    "scripts",
                    "tasks",
                    "test",
                    "component.json",
                    "composer.json",
                    "CONTRIBUTING.md",
                    "ender.js",
                    "Gruntfile.js",
                    "Moment.js.nuspec",
                    "package.js",
                    "package.json"
                ]
            }
        },
        {
            "name": "canvashack/installer",
            "version": "dev-master",
            "source": {
                "type": "git",
                "url": "https://github.com/smtech/canvashack-installer.git",
                "reference": "ed08d1ffb71699e2e13b7e34dc6c35a165d55f2b"
            },
            "dist": {
                "type": "zip",
                "url": "https://api.github.com/repos/smtech/canvashack-installer/zipball/ed08d1ffb71699e2e13b7e34dc6c35a165d55f2b",
                "reference": "ed08d1ffb71699e2e13b7e34dc6c35a165d55f2b",
                "shasum": ""
            },
            "require": {
                "composer-plugin-api": "~1.0"
            },
            "type": "composer-plugin",
            "extra": {
                "class": "smtech\\Composer\\CanvasHackInstallerPlugin"
            },
            "autoload": {
                "psr-4": {
                    "smtech\\Composer\\": "src/"
                }
            },
            "notification-url": "https://packagist.org/downloads/",
            "license": [
                "LGPL-3.0"
            ],
            "authors": [
                {
                    "name": "Seth Battis",
                    "email": "sethbattis@stmarksschool.org"
                }
            ],
            "description": "Custom Composer installer for CanvasHack plugins",
            "time": "2016-01-12 19:39:37"
        },
        {
            "name": "canvashack/plugin-auto-open-feedback",
            "version": "dev-master",
            "source": {
                "type": "git",
                "url": "https://github.com/smtech/canvashack-plugin-auto-open-feedback.git",
                "reference": "221c0c7999aa3b7175bbe82604dab4d03a547b63"
            },
            "dist": {
                "type": "zip",
                "url": "https://api.github.com/repos/smtech/canvashack-plugin-auto-open-feedback/zipball/221c0c7999aa3b7175bbe82604dab4d03a547b63",
                "reference": "221c0c7999aa3b7175bbe82604dab4d03a547b63",
                "shasum": ""
            },
            "type": "canvashack-plugin",
            "notification-url": "https://packagist.org/downloads/",
            "license": [
                "GPL-3.0"
            ],
            "authors": [
                {
                    "name": "Seth Battis",
                    "email": "sethbattis@stmarksschool.org"
                }
            ],
            "description": "A bandaid until SpeedGrader 2.0: autoopen SpeedGrader feedback and rubrics for students",
            "time": "2016-05-24 11:41:26"
        },
        {
            "name": "canvashack/plugin-cache-and-show-rubrics",
            "version": "dev-master",
            "source": {
                "type": "git",
                "url": "https://github.com/smtech/canvashack-plugin-cache-and-show-rubrics.git",
                "reference": "71e0acd3f2eff9d6ad89fae4ebc7362971481b0d"
            },
            "dist": {
                "type": "zip",
                "url": "https://api.github.com/repos/smtech/canvashack-plugin-cache-and-show-rubrics/zipball/71e0acd3f2eff9d6ad89fae4ebc7362971481b0d",
                "reference": "71e0acd3f2eff9d6ad89fae4ebc7362971481b0d",
                "shasum": ""
            },
            "require": {
                "battis/simplecache": "~1.0"
            },
            "type": "canvashack-plugin",
            "notification-url": "https://packagist.org/downloads/",
            "license": [
                "GPL-3.0"
            ],
            "authors": [
                {
                    "name": "Seth Battis",
                    "email": "sethbattis@stmarksschool.org"
                }
            ],
            "description": "Whenever an assignment with a rubric is visited, cache that rubric for later redisplay if the assignment changes to external tool submission",
            "time": "2016-02-16 04:39:34"
        },
        {
            "name": "canvashack/plugin-discussion-permalinks",
            "version": "dev-master",
            "source": {
                "type": "git",
                "url": "https://github.com/smtech/canvashack-plugin-discussion-permalinks.git",
                "reference": "95ef30df218b60b721479c73cbb51be76600c425"
            },
            "dist": {
                "type": "zip",
                "url": "https://api.github.com/repos/smtech/canvashack-plugin-discussion-permalinks/zipball/95ef30df218b60b721479c73cbb51be76600c425",
                "reference": "95ef30df218b60b721479c73cbb51be76600c425",
                "shasum": ""
            },
            "type": "canvashack-plugin",
            "notification-url": "https://packagist.org/downloads/",
            "license": [
                "GPL-3.0"
            ],
            "authors": [
                {
                    "name": "Seth Battis",
                    "email": "sethbattis@stmarksschool.org"
                }
            ],
            "description": "Reveal discussion entry permalinks",
            "time": "2016-05-24 11:41:39"
        },
        {
            "name": "canvashack/plugin-embedded-documentation",
            "version": "dev-master",
            "source": {
                "type": "git",
                "url": "https://github.com/smtech/canvashack-plugin-embedded-documentation.git",
                "reference": "b84310e4ef396f71930c18eb8c36064f445d1e1c"
            },
            "dist": {
                "type": "zip",
                "url": "https://api.github.com/repos/smtech/canvashack-plugin-embedded-documentation/zipball/b84310e4ef396f71930c18eb8c36064f445d1e1c",
                "reference": "b84310e4ef396f71930c18eb8c36064f445d1e1c",
                "shasum": ""
            },
            "type": "canvashack-plugin",
            "notification-url": "https://packagist.org/downloads/",
            "license": [
                "GPL-3.0"
            ],
            "authors": [
                {
                    "name": "Seth Battis",
                    "email": "sethbattis@stmarksschool.org"
                }
            ],
            "description": "Embed documentation specific to your institution in the Canvas UI",
            "time": "2016-03-17 15:46:14"
        },
        {
            "name": "canvashack/plugin-enrollment-info-ui-tweaks",
            "version": "dev-master",
            "source": {
                "type": "git",
                "url": "https://github.com/smtech/canvashack-plugin-enrollment-info-ui-tweaks.git",
                "reference": "3b1e4876f9eb17b3876d8246f3861f8a4ae66c72"
            },
            "dist": {
                "type": "zip",
                "url": "https://api.github.com/repos/smtech/canvashack-plugin-enrollment-info-ui-tweaks/zipball/3b1e4876f9eb17b3876d8246f3861f8a4ae66c72",
                "reference": "3b1e4876f9eb17b3876d8246f3861f8a4ae66c72",
                "shasum": ""
            },
            "type": "canvashack-plugin",
            "notification-url": "https://packagist.org/downloads/",
            "license": [
                "GPL-3.0"
            ],
            "authors": [
                {
                    "name": "Seth Battis",
                    "email": "sethbattis@stmarksschool.org"
                }
            ],
            "description": "Tweak some annoying default settings to better ones when looking at enrollment information",
            "time": "2016-05-24 11:41:49"
        },
        {
            "name": "canvashack/plugin-faculty-journal",
            "version": "dev-master",
            "source": {
                "type": "git",
                "url": "https://github.com/smtech/canvashack-plugin-faculty-journal.git",
                "reference": "f09c96d69020c9ec438440c6867a6521a3a6cde9"
            },
            "dist": {
                "type": "zip",
                "url": "https://api.github.com/repos/smtech/canvashack-plugin-faculty-journal/zipball/f09c96d69020c9ec438440c6867a6521a3a6cde9",
                "reference": "f09c96d69020c9ec438440c6867a6521a3a6cde9",
                "shasum": ""
            },
            "require": {
                "battis/appmetadata": "^1.0",
                "battis/bootstrapsmarty": "^1.0",
                "battis/configxml": "^1.0",
                "battis/simplecache": "^1.0",
                "smtech/canvaspest": "^1.1"
            },
            "type": "canvashack-plugin",
            "notification-url": "https://packagist.org/downloads/",
            "license": [
                "GPL-3.0"
            ],
            "authors": [
                {
                    "name": "Seth Battis",
                    "email": "sethbattis@stmarksschool.org"
                }
            ],
            "description": "Allow teachers to browse the faculty journal by class",
            "time": "2016-05-24 02:14:30"
        },
        {
            "name": "canvashack/plugin-global-navigation-menu",
            "version": "dev-master",
            "source": {
                "type": "git",
                "url": "https://github.com/smtech/canvashack-plugin-global-navigation-menu.git",
                "reference": "04d0e60b540a60ae37527543b8110f85abe0d0e4"
            },
            "dist": {
                "type": "zip",
                "url": "https://api.github.com/repos/smtech/canvashack-plugin-global-navigation-menu/zipball/04d0e60b540a60ae37527543b8110f85abe0d0e4",
                "reference": "04d0e60b540a60ae37527543b8110f85abe0d0e4",
                "shasum": ""
            },
            "require": {
                "battis/appmetadata": "~1.0",
                "battis/simplecache": "~1.0"
            },
            "type": "canvashack-plugin",
            "notification-url": "https://packagist.org/downloads/",
            "license": [
                "GPL-3.0"
            ],
            "authors": [
                {
                    "name": "Seth Battis",
                    "email": "sethbattis@stmarksschool.org"
                }
            ],
            "description": "Add additional menus to the global navigation in Canvas",
            "time": "2016-06-07 21:31:08"
        },
        {
            "name": "canvashack/plugin-lock-notifications",
            "version": "dev-master",
            "source": {
                "type": "git",
                "url": "https://github.com/smtech/canvashack-plugin-lock-notifications.git",
                "reference": "970b3f8f419f78668ee3f788a13e3ff9ad86fd57"
            },
            "dist": {
                "type": "zip",
                "url": "https://api.github.com/repos/smtech/canvashack-plugin-lock-notifications/zipball/970b3f8f419f78668ee3f788a13e3ff9ad86fd57",
                "reference": "970b3f8f419f78668ee3f788a13e3ff9ad86fd57",
                "shasum": ""
            },
            "require": {
                "battis/simplecache": "~1.0"
            },
            "type": "canvashack-plugin",
            "notification-url": "https://packagist.org/downloads/",
            "license": [
                "GPL-3.0"
            ],
            "authors": [
                {
                    "name": "Seth Battis",
                    "email": "sethbattis@stmarksschool.org"
                }
            ],
            "description": "Lock specific notification settings to (to their current state)",
            "time": "2016-05-24 11:40:55"
        },
        {
            "name": "canvashack/plugin-organize-user-enrollments",
            "version": "dev-master",
            "source": {
                "type": "git",
                "url": "https://github.com/smtech/canvashack-plugin-organize-user-enrollments.git",
                "reference": "f2e20093c535e33c8c1876ba2e83c84b726dffe7"
            },
            "dist": {
                "type": "zip",
                "url": "https://api.github.com/repos/smtech/canvashack-plugin-organize-user-enrollments/zipball/f2e20093c535e33c8c1876ba2e83c84b726dffe7",
                "reference": "f2e20093c535e33c8c1876ba2e83c84b726dffe7",
                "shasum": ""
            },
            "type": "canvashack-plugin",
            "notification-url": "https://packagist.org/downloads/",
            "license": [
                "GPL-3.0"
            ],
            "authors": [
                {
                    "name": "Seth Battis",
                    "email": "sethbattis@stmarksschool.org"
                }
            ],
            "description": "Provide a more organized (and readable) listing of users' enrollments",
            "time": "2016-03-04 03:56:20"
        },
        {
            "name": "canvashack/plugin-stmarks-branding",
            "version": "dev-master",
            "source": {
                "type": "git",
                "url": "https://github.com/smtech/canvashack-plugin-stmarks-branding.git",
                "reference": "c232c9610b5203d81bfded7ae8b6eff98c7dd49c"
            },
            "dist": {
                "type": "zip",
                "url": "https://api.github.com/repos/smtech/canvashack-plugin-stmarks-branding/zipball/c232c9610b5203d81bfded7ae8b6eff98c7dd49c",
                "reference": "c232c9610b5203d81bfded7ae8b6eff98c7dd49c",
                "shasum": ""
            },
            "type": "canvashack-plugin",
            "notification-url": "https://packagist.org/downloads/",
            "license": [
                "GPL-3.0"
            ],
            "authors": [
                {
                    "name": "Seth Battis",
                    "email": "sethbattis@stmarksschool.org"
                }
            ],
            "description": "General branding settings for St. Mark's school within Canvas",
            "time": "2015-10-22 20:42:28"
        },
        {
            "name": "canvashack/plugin-stmarks-color-schedule",
            "version": "dev-master",
            "source": {
                "type": "git",
                "url": "https://github.com/smtech/canvashack-plugin-stmarks-color-schedule.git",
                "reference": "728f1c1e1f926e560e89689f0a2df1c2d566375e"
            },
            "dist": {
                "type": "zip",
                "url": "https://api.github.com/repos/smtech/canvashack-plugin-stmarks-color-schedule/zipball/728f1c1e1f926e560e89689f0a2df1c2d566375e",
                "reference": "728f1c1e1f926e560e89689f0a2df1c2d566375e",
                "shasum": ""
            },
            "require": {
                "smtech/stmarks-colors": "dev-master"
            },
            "type": "canvashack-plugin",
            "notification-url": "https://packagist.org/downloads/",
            "license": [
                "GPL-3.0"
            ],
            "authors": [
                {
                    "name": "Seth Battis",
                    "email": "sethbattis@stmarksschool.org"
                }
            ],
            "description": "Color the color blocks in the color schedule in the calendar",
            "time": "2016-03-31 19:39:52"
        },
        {
            "name": "canvashack/plugin-templates",
            "version": "dev-master",
            "source": {
                "type": "git",
                "url": "https://github.com/smtech/canvashack-plugin-templates.git",
                "reference": "54062c57633c7e7fef8a26b54962da01b294c0b9"
            },
            "dist": {
                "type": "zip",
                "url": "https://api.github.com/repos/smtech/canvashack-plugin-templates/zipball/54062c57633c7e7fef8a26b54962da01b294c0b9",
                "reference": "54062c57633c7e7fef8a26b54962da01b294c0b9",
                "shasum": ""
            },
            "require": {
                "smtech/canvaspest": "~1.0"
            },
            "type": "canvashack-plugin",
            "notification-url": "https://packagist.org/downloads/",
            "license": [
                "GPL-3.0"
            ],
            "authors": [
                {
                    "name": "Seth Battis",
                    "email": "SethBattis@stmarksschool.org"
                }
            ],
            "description": "Templating for Canvas course objects",
            "time": "2016-06-07 21:30:01"
        },
        {
            "name": "fxp/composer-asset-plugin",
            "version": "dev-master",
            "source": {
                "type": "git",
                "url": "https://github.com/francoispluchino/composer-asset-plugin.git",
                "reference": "7f3338b433ca21ae8e8f56d4b5a82f0146242dce"
            },
            "dist": {
                "type": "zip",
                "url": "https://api.github.com/repos/francoispluchino/composer-asset-plugin/zipball/7f3338b433ca21ae8e8f56d4b5a82f0146242dce",
                "reference": "7f3338b433ca21ae8e8f56d4b5a82f0146242dce",
                "shasum": ""
            },
            "require": {
                "composer-plugin-api": "^1.0",
                "php": ">=5.3.3"
            },
            "require-dev": {
                "composer/composer": "^1.0.0"
            },
            "type": "composer-plugin",
            "extra": {
                "class": "Fxp\\Composer\\AssetPlugin\\FxpAssetPlugin",
                "branch-alias": {
                    "dev-master": "1.2-dev"
                }
            },
            "autoload": {
                "psr-4": {
                    "Fxp\\Composer\\AssetPlugin\\": ""
                }
            },
            "notification-url": "https://packagist.org/downloads/",
            "license": [
                "MIT"
            ],
            "authors": [
                {
                    "name": "François Pluchino",
                    "email": "francois.pluchino@gmail.com"
                }
            ],
            "description": "NPM/Bower Dependency Manager for Composer",
            "homepage": "https://github.com/francoispluchino/composer-asset-plugin",
            "keywords": [
                "asset",
                "bower",
                "composer",
                "dependency manager",
                "nodejs",
                "npm",
                "package"
            ],
            "time": "2016-05-28 15:47:37"
        },
        {
            "name": "pear/log",
            "version": "1.13.1",
            "source": {
                "type": "git",
                "url": "https://github.com/pear/Log.git",
                "reference": "c4be9ded2353c7c231d4c35cc3da75b209453803"
            },
            "dist": {
                "type": "zip",
                "url": "https://api.github.com/repos/pear/Log/zipball/c4be9ded2353c7c231d4c35cc3da75b209453803",
                "reference": "c4be9ded2353c7c231d4c35cc3da75b209453803",
                "shasum": ""
            },
            "require": {
                "pear/pear_exception": "1.0.0",
                "php": ">5.2"
            },
            "require-dev": {
                "phpunit/phpunit": "*"
            },
            "suggest": {
                "pear/db": "Install optionally via your project's composer.json"
            },
            "type": "library",
            "autoload": {
                "psr-0": {
                    "Log": "./"
                }
            },
            "notification-url": "https://packagist.org/downloads/",
            "include-path": [
                ""
            ],
            "license": [
                "MIT"
            ],
            "authors": [
                {
                    "name": "Jon Parise",
                    "email": "jon@php.net",
                    "homepage": "http://www.indelible.org",
                    "role": "Developer"
                }
            ],
            "description": "PEAR Logging Framework",
            "homepage": "http://pear.github.io/Log/",
            "keywords": [
                "log",
                "logging"
            ],
            "time": "2016-04-16 00:49:33"
        },
        {
            "name": "pear/pear_exception",
            "version": "v1.0.0",
            "source": {
                "type": "git",
                "url": "https://github.com/pear/PEAR_Exception.git",
                "reference": "8c18719fdae000b690e3912be401c76e406dd13b"
            },
            "dist": {
                "type": "zip",
                "url": "https://api.github.com/repos/pear/PEAR_Exception/zipball/8c18719fdae000b690e3912be401c76e406dd13b",
                "reference": "8c18719fdae000b690e3912be401c76e406dd13b",
                "shasum": ""
            },
            "require": {
                "php": ">=4.4.0"
            },
            "require-dev": {
                "phpunit/phpunit": "*"
            },
            "type": "class",
            "extra": {
                "branch-alias": {
                    "dev-master": "1.0.x-dev"
                }
            },
            "autoload": {
                "psr-0": {
                    "PEAR": ""
                }
            },
            "notification-url": "https://packagist.org/downloads/",
            "include-path": [
                "."
            ],
            "license": [
                "BSD-2-Clause"
            ],
            "authors": [
                {
                    "name": "Helgi Thormar",
                    "email": "dufuz@php.net"
                },
                {
                    "name": "Greg Beaver",
                    "email": "cellog@php.net"
                }
            ],
            "description": "The PEAR Exception base class.",
            "homepage": "https://github.com/pear/PEAR_Exception",
            "keywords": [
                "exception"
            ],
            "time": "2015-02-10 20:07:52"
        },
        {
            "name": "smarty/smarty",
            "version": "dev-master",
            "source": {
                "type": "git",
                "url": "https://github.com/smarty-php/smarty.git",
                "reference": "b46a9a8dbd610323cb04c4a567405147d12dc570"
            },
            "dist": {
                "type": "zip",
                "url": "https://api.github.com/repos/smarty-php/smarty/zipball/b46a9a8dbd610323cb04c4a567405147d12dc570",
                "reference": "b46a9a8dbd610323cb04c4a567405147d12dc570",
                "shasum": ""
            },
            "require": {
                "php": ">=5.2"
            },
            "type": "library",
            "extra": {
                "branch-alias": {
                    "dev-master": "3.1.x-dev"
                }
            },
            "autoload": {
                "classmap": [
                    "libs/Smarty.class.php",
                    "libs/SmartyBC.class.php",
                    "libs/sysplugins/"
                ]
            },
            "notification-url": "https://packagist.org/downloads/",
            "license": [
                "LGPL-3.0"
            ],
            "authors": [
                {
                    "name": "Monte Ohrt",
                    "email": "monte@ohrt.com"
                },
                {
                    "name": "Uwe Tews",
                    "email": "uwe.tews@googlemail.com"
                },
                {
                    "name": "Rodney Rehm",
                    "email": "rodney.rehm@medialize.de"
                }
            ],
            "description": "Smarty - the compiling PHP template engine",
            "homepage": "http://www.smarty.net",
            "keywords": [
                "templating"
            ],
            "time": "2016-05-28 01:33:32"
        },
        {
            "name": "smtech/canvaspest",
            "version": "v1.1.3",
            "source": {
                "type": "git",
                "url": "https://github.com/smtech/canvaspest.git",
                "reference": "388949ed7bf3b6acb915024add0d6916c009feeb"
            },
            "dist": {
                "type": "zip",
                "url": "https://api.github.com/repos/smtech/canvaspest/zipball/388949ed7bf3b6acb915024add0d6916c009feeb",
                "reference": "388949ed7bf3b6acb915024add0d6916c009feeb",
                "shasum": ""
            },
            "require": {
                "battis/educoder-pest-fork": "dev-master"
            },
            "type": "library",
            "autoload": {
                "psr-4": {
                    "smtech\\CanvasPest\\": "src/"
                }
            },
            "notification-url": "https://packagist.org/downloads/",
            "license": [
                "LGPL-3.0"
            ],
            "authors": [
                {
                    "name": "Seth Battis",
                    "email": "sethbattis@stmarksschool.org"
                }
            ],
            "description": "An extension of Pest to make RESTful queries to the Instructure Canvas API",
            "time": "2016-03-18 02:21:36"
        },
        {
            "name": "smtech/oauth-negotiator",
            "version": "v1.1.2",
            "source": {
                "type": "git",
                "url": "https://github.com/smtech/oauth-negotiator.git",
                "reference": "79f1ec4e80f0eba390fb23ac23ad110197961dd7"
            },
            "dist": {
                "type": "zip",
                "url": "https://api.github.com/repos/smtech/oauth-negotiator/zipball/79f1ec4e80f0eba390fb23ac23ad110197961dd7",
                "reference": "79f1ec4e80f0eba390fb23ac23ad110197961dd7",
                "shasum": ""
            },
            "require": {
                "battis/educoder-pest-fork": "dev-master"
            },
            "type": "library",
            "notification-url": "https://packagist.org/downloads/",
            "license": [
                "LGPL-3.0"
            ],
            "authors": [
                {
                    "name": "Seth Battis",
                    "email": "sethbattis@stmarksschool.org"
                }
            ],
            "description": "Negotiate an OAuth 2 authentication or API token",
            "time": "2016-02-15 19:30:24"
        },
        {
            "name": "smtech/stmarks-colors",
            "version": "dev-master",
            "source": {
                "type": "git",
                "url": "https://github.com/smtech/stmarks-colors.git",
                "reference": "4e36a4f9e76c00d894487dac18a9d85ebcc54c39"
            },
            "dist": {
                "type": "zip",
                "url": "https://api.github.com/repos/smtech/stmarks-colors/zipball/4e36a4f9e76c00d894487dac18a9d85ebcc54c39",
                "reference": "4e36a4f9e76c00d894487dac18a9d85ebcc54c39",
                "shasum": ""
            },
            "type": "library",
            "autoload": {
                "psr-4": {
                    "smtech\\": "src/"
                }
            },
            "notification-url": "https://packagist.org/downloads/",
            "license": [
                "LGPL-3.0"
            ],
            "authors": [
                {
                    "name": "Seth Battis",
                    "email": "sethbattis@stmarksschool.org"
                }
            ],
            "description": "An object-ified, consistent set of hex colors for St. Mark’s projects",
            "time": "2016-03-17 15:26:18"
        },
        {
            "name": "smtech/stmarkssmarty",
            "version": "dev-master",
            "source": {
                "type": "git",
                "url": "https://github.com/smtech/stmarkssmarty.git",
                "reference": "ddb27fba830765e3f663b693c7eb79746d97a8d4"
            },
            "dist": {
                "type": "zip",
                "url": "https://api.github.com/repos/smtech/stmarkssmarty/zipball/ddb27fba830765e3f663b693c7eb79746d97a8d4",
                "reference": "ddb27fba830765e3f663b693c7eb79746d97a8d4",
                "shasum": ""
            },
            "require": {
                "battis/bootstrapsmarty": "^1.1",
                "smtech/stmarks-colors": "dev-master"
            },
            "suggest": {
                "battis/appmetadata": "MySQL-backed globals array for app metadata storage"
            },
            "type": "library",
            "autoload": {
                "psr-4": {
                    "smtech\\StMarksSmarty\\": "src/"
                }
            },
            "notification-url": "https://packagist.org/downloads/",
            "license": [
                "LGPL-3.0"
            ],
            "authors": [
                {
                    "name": "Seth Battis",
                    "email": "sethbattis@stmarksschool.org"
                }
            ],
            "description": "A standard Smarty install for St. Mark's projects",
            "time": "2016-03-17 20:07:04"
        },
        {
            "name": "spvsoftwareproducts/LTI_Tool_Provider",
            "version": "2.5.01",
            "dist": {
                "type": "zip",
                "url": "http://projects.oscelot.org/gf/download/frsrelease/956/6025/LTI_Tool_Provider-2.5.01.zip",
                "reference": null,
                "shasum": null
            },
            "type": "library",
            "license": [
                "LGPL-3.0"
            ],
            "authors": [
                {
                    "name": "Stephen Vickers"
                }
            ],
            "homepage": "http://spvsoftwareproducts.com/php/lti_tool_provider/"
        }
    ],
    "packages-dev": [],
    "aliases": [],
    "minimum-stability": "dev",
    "stability-flags": {
        "smtech/stmarkssmarty": 20,
        "canvashack/plugin-auto-open-feedback": 20,
        "canvashack/plugin-cache-and-show-rubrics": 20,
        "canvashack/plugin-enrollment-info-ui-tweaks": 20,
        "canvashack/plugin-stmarks-branding": 20,
        "canvashack/plugin-discussion-permalinks": 20,
        "canvashack/plugin-global-navigation-menu": 20,
        "canvashack/plugin-templates": 20,
        "canvashack/plugin-stmarks-color-schedule": 20,
        "canvashack/plugin-organize-user-enrollments": 20,
        "canvashack/plugin-faculty-journal": 20,
        "canvashack/plugin-embedded-documentation": 20,
        "canvashack/plugin-lock-notifications": 20
    },
    "prefer-stable": false,
    "prefer-lowest": false,
    "platform": [],
    "platform-dev": []
}
